
Microsoft Visual Studio Solution File, Format Version 12.00
Project("{FAE04EC0-301F-11D3-BF4B-00C04F79EFBC}") = "StringCalculatorTests", "StringCalculatorTests\StringCalculatorTests.csproj", "{BCED94B3-BD05-428B-89EF-6E51107E4651}"
EndProject
Global
	GlobalSection(SolutionConfigurationPlatforms) = preSolution
		Debug|Any CPU = Debug|Any CPU
		Release|Any CPU = Release|Any CPU
	EndGlobalSection
	GlobalSection(ProjectConfigurationPlatforms) = postSolution
		{BCED94B3-BD05-428B-89EF-6E51107E4651}.Debug|Any CPU.ActiveCfg = Debug|Any CPU
		{BCED94B3-BD05-428B-89EF-6E51107E4651}.Debug|Any CPU.Build.0 = Debug|Any CPU
		{BCED94B3-BD05-428B-89EF-6E51107E4651}.Release|Any CPU.ActiveCfg = Release|Any CPU
		{BCED94B3-BD05-428B-89EF-6E51107E4651}.Release|Any CPU.Build.0 = Release|Any CPU
	EndGlobalSection
EndGlobal
